{
  "name": "GEM-website",
  "lockfileVersion": 2,
  "requires": true,
  "packages": {
    "": {
      "dependencies": {
        "bootstrap-icons": "^1.10.3",
        "mdb-ui-kit": "^6.1.0"
      }
    },
    "node_modules/bootstrap-icons": {
      "version": "1.10.3",
      "resolved": "https://registry.npmjs.org/bootstrap-icons/-/bootstrap-icons-1.10.3.tgz",
      "integrity": "sha512-7Qvj0j0idEm/DdX9Q0CpxAnJYqBCFCiUI6qzSPYfERMcokVuV9Mdm/AJiVZI8+Gawe4h/l6zFcOzvV7oXCZArw=="
    },
    "node_modules/mdb-ui-kit": {
      "version": "6.1.0",
      "resolved": "https://registry.npmjs.org/mdb-ui-kit/-/mdb-ui-kit-6.1.0.tgz",
      "integrity": "sha512-DH67wVJMfP4XRg74SYcqTDxGYWPhT7OZjBAlu05J41HrawHvag4xXnlQCkJGpiM0YFQsnFQ5QqpXg/XZbwzY0w=="
    }
  },
  "dependencies": {
    "bootstrap-icons": {
      "version": "1.10.3",
      "resolved": "https://registry.npmjs.org/bootstrap-icons/-/bootstrap-icons-1.10.3.tgz",
      "integrity": "sha512-7Qvj0j0idEm/DdX9Q0CpxAnJYqBCFCiUI6qzSPYfERMcokVuV9Mdm/AJiVZI8+Gawe4h/l6zFcOzvV7oXCZArw=="
    },
    "mdb-ui-kit": {
      "version": "6.1.0",
      "resolved": "https://registry.npmjs.org/mdb-ui-kit/-/mdb-ui-kit-6.1.0.tgz",
      "integrity": "sha512-DH67wVJMfP4XRg74SYcqTDxGYWPhT7OZjBAlu05J41HrawHvag4xXnlQCkJGpiM0YFQsnFQ5QqpXg/XZbwzY0w=="
    }
  }
}
